
Microsoft Visual Studio Solution File, Format Version 12.00
# Visual Studio Version 17
VisualStudioVersion = 17.10.35013.160
MinimumVisualStudioVersion = 10.0.40219.1
Project("{9A19103F-16F7-4668-BE54-9A1E7A4F7556}") = "QuickLink.Infrastructure", "QuickLink.Infrastructure\QuickLink.Infrastructure.csproj", "{0B36DB3F-91DA-4B51-A401-0085E6413F49}"
EndProject
Project("{9A19103F-16F7-4668-BE54-9A1E7A4F7556}") = "QuickLink.Application", "QuickLink.Application\QuickLink.Application.csproj", "{BEB5C1F6-2B10-47D2-BE0A-CB7F17F8A186}"
EndProject
Project("{9A19103F-16F7-4668-BE54-9A1E7A4F7556}") = "QuickLink.Web", "QuickLink.Web\QuickLink.Web.csproj", "{3E3CEB60-4E4C-4E95-BC77-DFD970F9566B}"
EndProject
Global
	GlobalSection(SolutionConfigurationPlatforms) = preSolution
		Debug|Any CPU = Debug|Any CPU
		Release|Any CPU = Release|Any CPU
	EndGlobalSection
	GlobalSection(ProjectConfigurationPlatforms) = postSolution
		{0B36DB3F-91DA-4B51-A401-0085E6413F49}.Debug|Any CPU.ActiveCfg = Debug|Any CPU
		{0B36DB3F-91DA-4B51-A401-0085E6413F49}.Debug|Any CPU.Build.0 = Debug|Any CPU
		{0B36DB3F-91DA-4B51-A401-0085E6413F49}.Release|Any CPU.ActiveCfg = Release|Any CPU
		{0B36DB3F-91DA-4B51-A401-0085E6413F49}.Release|Any CPU.Build.0 = Release|Any CPU
		{BEB5C1F6-2B10-47D2-BE0A-CB7F17F8A186}.Debug|Any CPU.ActiveCfg = Debug|Any CPU
		{BEB5C1F6-2B10-47D2-BE0A-CB7F17F8A186}.Debug|Any CPU.Build.0 = Debug|Any CPU
		{BEB5C1F6-2B10-47D2-BE0A-CB7F17F8A186}.Release|Any CPU.ActiveCfg = Release|Any CPU
		{BEB5C1F6-2B10-47D2-BE0A-CB7F17F8A186}.Release|Any CPU.Build.0 = Release|Any CPU
		{3E3CEB60-4E4C-4E95-BC77-DFD970F9566B}.Debug|Any CPU.ActiveCfg = Debug|Any CPU
		{3E3CEB60-4E4C-4E95-BC77-DFD970F9566B}.Debug|Any CPU.Build.0 = Debug|Any CPU
		{3E3CEB60-4E4C-4E95-BC77-DFD970F9566B}.Release|Any CPU.ActiveCfg = Release|Any CPU
		{3E3CEB60-4E4C-4E95-BC77-DFD970F9566B}.Release|Any CPU.Build.0 = Release|Any CPU
	EndGlobalSection
	GlobalSection(SolutionProperties) = preSolution
		HideSolutionNode = FALSE
	EndGlobalSection
	GlobalSection(ExtensibilityGlobals) = postSolution
		SolutionGuid = {94570991-8B95-4B5C-B6A0-775A0A5864A7}
	EndGlobalSection
EndGlobal
